
Microsoft Visual Studio Solution File, Format Version 12.00
# Visual Studio Version 16
VisualStudioVersion = 16.0.31410.357
MinimumVisualStudioVersion = 10.0.40219.1
Project("{FAE04EC0-301F-11D3-BF4B-00C04F79EFBC}") = "BulkyBook", "BulkyBook\BulkyBook.csproj", "{4F56E683-C606-4C94-917C-F10A0799F16A}"
EndProject
Global
	GlobalSection(SolutionConfigurationPlatforms) = preSolution
		Debug|Any CPU = Debug|Any CPU
		Release|Any CPU = Release|Any CPU
	EndGlobalSection
	GlobalSection(ProjectConfigurationPlatforms) = postSolution
		{4F56E683-C606-4C94-917C-F10A0799F16A}.Debug|Any CPU.ActiveCfg = Debug|Any CPU
		{4F56E683-C606-4C94-917C-F10A0799F16A}.Debug|Any CPU.Build.0 = Debug|Any CPU
		{4F56E683-C606-4C94-917C-F10A0799F16A}.Release|Any CPU.ActiveCfg = Release|Any CPU
		{4F56E683-C606-4C94-917C-F10A0799F16A}.Release|Any CPU.Build.0 = Release|Any CPU
	EndGlobalSection
	GlobalSection(SolutionProperties) = preSolution
		HideSolutionNode = FALSE
	EndGlobalSection
	GlobalSection(ExtensibilityGlobals) = postSolution
		SolutionGuid = {74167DB4-D173-47CB-A720-5615C86DB0F3}
	EndGlobalSection
EndGlobal
